
Microsoft Visual Studio Solution File, Format Version 12.00
Project("{FAE04EC0-301F-11D3-BF4B-00C04F79EFBC}") = "Core.Testing", "Core.Testing\Core.Testing.csproj", "{024F9278-DB7B-4BDD-8C17-8799EE2FBFBA}"
EndProject
Project("{FAE04EC0-301F-11D3-BF4B-00C04F79EFBC}") = "Core.Testing.Tests", "Core.Testing.Tests\Core.Testing.Tests.csproj", "{4ADDAF6C-D582-4984-B381-E2339A535F7F}"
EndProject
Global
	GlobalSection(SolutionConfigurationPlatforms) = preSolution
		Debug|Any CPU = Debug|Any CPU
		Release|Any CPU = Release|Any CPU
	EndGlobalSection
	GlobalSection(ProjectConfigurationPlatforms) = postSolution
		{024F9278-DB7B-4BDD-8C17-8799EE2FBFBA}.Debug|Any CPU.ActiveCfg = Debug|Any CPU
		{024F9278-DB7B-4BDD-8C17-8799EE2FBFBA}.Debug|Any CPU.Build.0 = Debug|Any CPU
		{024F9278-DB7B-4BDD-8C17-8799EE2FBFBA}.Release|Any CPU.ActiveCfg = Release|Any CPU
		{024F9278-DB7B-4BDD-8C17-8799EE2FBFBA}.Release|Any CPU.Build.0 = Release|Any CPU
		{4ADDAF6C-D582-4984-B381-E2339A535F7F}.Debug|Any CPU.ActiveCfg = Debug|Any CPU
		{4ADDAF6C-D582-4984-B381-E2339A535F7F}.Debug|Any CPU.Build.0 = Debug|Any CPU
		{4ADDAF6C-D582-4984-B381-E2339A535F7F}.Release|Any CPU.ActiveCfg = Release|Any CPU
		{4ADDAF6C-D582-4984-B381-E2339A535F7F}.Release|Any CPU.Build.0 = Release|Any CPU
	EndGlobalSection
EndGlobal
